
Microsoft Visual Studio Solution File, Format Version 12.00
# Visual Studio Version 17
VisualStudioVersion = 17.4.33213.308
MinimumVisualStudioVersion = 10.0.40219.1
Project("{FAE04EC0-301F-11D3-BF4B-00C04F79EFBC}") = "Deliverable(2)", "Deliverable(2).csproj", "{D771F81D-04A3-43D6-AC34-D36331ACE0AF}"
EndProject
Global
	GlobalSection(SolutionConfigurationPlatforms) = preSolution
		Debug|Any CPU = Debug|Any CPU
		Release|Any CPU = Release|Any CPU
	EndGlobalSection
	GlobalSection(ProjectConfigurationPlatforms) = postSolution
		{D771F81D-04A3-43D6-AC34-D36331ACE0AF}.Debug|Any CPU.ActiveCfg = Debug|Any CPU
		{D771F81D-04A3-43D6-AC34-D36331ACE0AF}.Debug|Any CPU.Build.0 = Debug|Any CPU
		{D771F81D-04A3-43D6-AC34-D36331ACE0AF}.Release|Any CPU.ActiveCfg = Release|Any CPU
		{D771F81D-04A3-43D6-AC34-D36331ACE0AF}.Release|Any CPU.Build.0 = Release|Any CPU
	EndGlobalSection
	GlobalSection(SolutionProperties) = preSolution
		HideSolutionNode = FALSE
	EndGlobalSection
	GlobalSection(ExtensibilityGlobals) = postSolution
		SolutionGuid = {0E0DDE7E-B0E9-4619-9B1F-D696D5E79CC8}
	EndGlobalSection
EndGlobal
